{
  "object": {
    "pins": [
      {
        "package": "Kingfisher",
        "repositoryURL": "https://github.com/onevcat/Kingfisher.git",
        "state": {
          "branch": null,
          "revision": "0c02c46cfdc0656ce74fd0963a75e5000a0b7f23",
          "version": "7.1.2"
        }
      },
      {
        "package": "libwebp",
        "repositoryURL": "https://github.com/SDWebImage/libwebp-Xcode",
        "state": {
          "branch": null,
          "revision": "2b3b43faaef54d1b897482428428357b7f7cd08b",
          "version": "1.2.1"
        }
      }
    ]
  },
  "version": 1
}
